// !$*UTF8*$!
{
	archiveVersion = 1;
	classes = {
	};
	objectVersion = 55;
	objects = {

/* Begin PBXBuildFile section */
		26D5164227C3EAAE00D97A97 /* AppDelegate.swift in Sources */ = {isa = PBXBuildFile; fileRef = 26D5164127C3EAAE00D97A97 /* AppDelegate.swift */; };
		26D5164427C3EAAE00D97A97 /* SceneDelegate.swift in Sources */ = {isa = PBXBuildFile; fileRef = 26D5164327C3EAAE00D97A97 /* SceneDelegate.swift */; };
		26D5164627C3EAAE00D97A97 /* PlayerViewController.swift in Sources */ = {isa = PBXBuildFile; fileRef = 26D5164527C3EAAE00D97A97 /* PlayerViewController.swift */; };
		26D5164927C3EAAE00D97A97 /* Main.storyboard in Resources */ = {isa = PBXBuildFile; fileRef = 26D5164727C3EAAE00D97A97 /* Main.storyboard */; };
		26D5164B27C3EAAF00D97A97 /* Assets.xcassets in Resources */ = {isa = PBXBuildFile; fileRef = 26D5164A27C3EAAF00D97A97 /* Assets.xcassets */; };
		26D5164E27C3EAAF00D97A97 /* LaunchScreen.storyboard in Resources */ = {isa = PBXBuildFile; fileRef = 26D5164C27C3EAAF00D97A97 /* LaunchScreen.storyboard */; };
		26D5165A27C5067E00D97A97 /* music.mp3 in Resources */ = {isa = PBXBuildFile; fileRef = 26D5165927C5067E00D97A97 /* music.mp3 */; };
		26D5166527C971D900D97A97 /* RadioStreamPlayer.swift in Sources */ = {isa = PBXBuildFile; fileRef = 26D5166427C971D900D97A97 /* RadioStreamPlayer.swift */; };
		26D5166727CE93C200D97A97 /* UserDefault.swift in Sources */ = {isa = PBXBuildFile; fileRef = 26D5166627CE93C200D97A97 /* UserDefault.swift */; };
/* End PBXBuildFile section */

/* Begin PBXFileReference section */
		26D5163E27C3EAAE00D97A97 /* PlayMusic.app */ = {isa = PBXFileReference; explicitFileType = wrapper.application; includeInIndex = 0; path = PlayMusic.app; sourceTree = BUILT_PRODUCTS_DIR; };
		26D5164127C3EAAE00D97A97 /* AppDelegate.swift */ = {isa = PBXFileReference; lastKnownFileType = sourcecode.swift; path = AppDelegate.swift; sourceTree = "<group>"; };
		26D5164327C3EAAE00D97A97 /* SceneDelegate.swift */ = {isa = PBXFileReference; lastKnownFileType = sourcecode.swift; path = SceneDelegate.swift; sourceTree = "<group>"; };
		26D5164527C3EAAE00D97A97 /* PlayerViewController.swift */ = {isa = PBXFileReference; lastKnownFileType = sourcecode.swift; path = PlayerViewController.swift; sourceTree = "<group>"; };
		26D5164827C3EAAE00D97A97 /* Base */ = {isa = PBXFileReference; lastKnownFileType = file.storyboard; name = Base; path = Base.lproj/Main.storyboard; sourceTree = "<group>"; };
		26D5164A27C3EAAF00D97A97 /* Assets.xcassets */ = {isa = PBXFileReference; lastKnownFileType = folder.assetcatalog; path = Assets.xcassets; sourceTree = "<group>"; };
		26D5164D27C3EAAF00D97A97 /* Base */ = {isa = PBXFileReference; lastKnownFileType = file.storyboard; name = Base; path = Base.lproj/LaunchScreen.storyboard; sourceTree = "<group>"; };
		26D5164F27C3EAAF00D97A97 /* Info.plist */ = {isa = PBXFileReference; lastKnownFileType = text.plist.xml; path = Info.plist; sourceTree = "<group>"; };
		26D5165927C5067E00D97A97 /* music.mp3 */ = {isa = PBXFileReference; lastKnownFileType = audio.mp3; path = music.mp3; sourceTree = "<group>"; };
		26D5166427C971D900D97A97 /* RadioStreamPlayer.swift */ = {isa = PBXFileReference; lastKnownFileType = sourcecode.swift; path = RadioStreamPlayer.swift; sourceTree = "<group>"; };
		26D5166627CE93C200D97A97 /* UserDefault.swift */ = {isa = PBXFileReference; lastKnownFileType = sourcecode.swift; path = UserDefault.swift; sourceTree = "<group>"; };
/* End PBXFileReference section */

/* Begin PBXFrameworksBuildPhase section */
		26D5163B27C3EAAE00D97A97 /* Frameworks */ = {
			isa = PBXFrameworksBuildPhase;
			buildActionMask = 2147483647;
			files = (
			);
			runOnlyForDeploymentPostprocessing = 0;
		};
/* End PBXFrameworksBuildPhase section */

/* Begin PBXGroup section */
		26D5163527C3EAAE00D97A97 = {
			isa = PBXGroup;
			children = (
				26D5164027C3EAAE00D97A97 /* PlayMusic */,
				26D5163F27C3EAAE00D97A97 /* Products */,
			);
			sourceTree = "<group>";
		};
		26D5163F27C3EAAE00D97A97 /* Products */ = {
			isa = PBXGroup;
			children = (
				26D5163E27C3EAAE00D97A97 /* PlayMusic.app */,
			);
			name = Products;
			sourceTree = "<group>";
		};
		26D5164027C3EAAE00D97A97 /* PlayMusic */ = {
			isa = PBXGroup;
			children = (
				26D5166327C971C400D97A97 /* Player */,
				26D5165927C5067E00D97A97 /* music.mp3 */,
				26D5164127C3EAAE00D97A97 /* AppDelegate.swift */,
				26D5164327C3EAAE00D97A97 /* SceneDelegate.swift */,
				26D5164527C3EAAE00D97A97 /* PlayerViewController.swift */,
				26D5166627CE93C200D97A97 /* UserDefault.swift */,
				26D5164727C3EAAE00D97A97 /* Main.storyboard */,
				26D5164A27C3EAAF00D97A97 /* Assets.xcassets */,
				26D5164C27C3EAAF00D97A97 /* LaunchScreen.storyboard */,
				26D5164F27C3EAAF00D97A97 /* Info.plist */,
			);
			path = PlayMusic;
			sourceTree = "<group>";
		};
		26D5166327C971C400D97A97 /* Player */ = {
			isa = PBXGroup;
			children = (
				26D5166427C971D900D97A97 /* RadioStreamPlayer.swift */,
			);
			path = Player;
			sourceTree = "<group>";
		};
/* End PBXGroup section */

/* Begin PBXNativeTarget section */
		26D5163D27C3EAAE00D97A97 /* PlayMusic */ = {
			isa = PBXNativeTarget;
			buildConfigurationList = 26D5165227C3EAAF00D97A97 /* Build configuration list for PBXNativeTarget "PlayMusic" */;
			buildPhases = (
				26D5163A27C3EAAE00D97A97 /* Sources */,
				26D5163B27C3EAAE00D97A97 /* Frameworks */,
				26D5163C27C3EAAE00D97A97 /* Resources */,
			);
			buildRules = (
			);
			dependencies = (
			);
			name = PlayMusic;
			productName = PlayMusic;
			productReference = 26D5163E27C3EAAE00D97A97 /* PlayMusic.app */;
			productType = "com.apple.product-type.application";
		};
/* End PBXNativeTarget section */

/* Begin PBXProject section */
		26D5163627C3EAAE00D97A97 /* Project object */ = {
			isa = PBXProject;
			attributes = {
				BuildIndependentTargetsInParallel = 1;
				LastSwiftUpdateCheck = 1320;
				LastUpgradeCheck = 1320;
				TargetAttributes = {
					26D5163D27C3EAAE00D97A97 = {
						CreatedOnToolsVersion = 13.2.1;
					};
				};
			};
			buildConfigurationList = 26D5163927C3EAAE00D97A97 /* Build configuration list for PBXProject "PlayMusic" */;
			compatibilityVersion = "Xcode 13.0";
			developmentRegion = en;
			hasScannedForEncodings = 0;
			knownRegions = (
				en,
				Base,
			);
			mainGroup = 26D5163527C3EAAE00D97A97;
			productRefGroup = 26D5163F27C3EAAE00D97A97 /* Products */;
			projectDirPath = "";
			projectRoot = "";
			targets = (
				26D5163D27C3EAAE00D97A97 /* PlayMusic */,
			);
		};
/* End PBXProject section */

/* Begin PBXResourcesBuildPhase section */
		26D5163C27C3EAAE00D97A97 /* Resources */ = {
			isa = PBXResourcesBuildPhase;
			buildActionMask = 2147483647;
			files = (
				26D5164E27C3EAAF00D97A97 /* LaunchScreen.storyboard in Resources */,
				26D5164B27C3EAAF00D97A97 /* Assets.xcassets in Resources */,
				26D5165A27C5067E00D97A97 /* music.mp3 in Resources */,
				26D5164927C3EAAE00D97A97 /* Main.storyboard in Resources */,
			);
			runOnlyForDeploymentPostprocessing = 0;
		};
/* End PBXResourcesBuildPhase section */

/* Begin PBXSourcesBuildPhase section */
		26D5163A27C3EAAE00D97A97 /* Sources */ = {
			isa = PBXSourcesBuildPhase;
			buildActionMask = 2147483647;
			files = (
				26D5164627C3EAAE00D97A97 /* PlayerViewController.swift in Sources */,
				26D5164227C3EAAE00D97A97 /* AppDelegate.swift in Sources */,
				26D5166727CE93C200D97A97 /* UserDefault.swift in Sources */,
				26D5166527C971D900D97A97 /* RadioStreamPlayer.swift in Sources */,
				26D5164427C3EAAE00D97A97 /* SceneDelegate.swift in Sources */,
			);
			runOnlyForDeploymentPostprocessing = 0;
		};
/* End PBXSourcesBuildPhase section */

/* Begin PBXVariantGroup section */
		26D5164727C3EAAE00D97A97 /* Main.storyboard */ = {
			isa = PBXVariantGroup;
			children = (
				26D5164827C3EAAE00D97A97 /* Base */,
			);
			name = Main.storyboard;
			sourceTree = "<group>";
		};
		26D5164C27C3EAAF00D97A97 /* LaunchScreen.storyboard */ = {
			isa = PBXVariantGroup;
			children = (
				26D5164D27C3EAAF00D97A97 /* Base */,
			);
			name = LaunchScreen.storyboard;
			sourceTree = "<group>";
		};
/* End PBXVariantGroup section */

/* Begin XCBuildConfiguration section */
		26D5165027C3EAAF00D97A97 /* Debug */ = {
			isa = XCBuildConfiguration;
			buildSettings = {
				ALWAYS_SEARCH_USER_PATHS = NO;
				CLANG_ANALYZER_NONNULL = YES;
				CLANG_ANALYZER_NUMBER_OBJECT_CONVERSION = YES_AGGRESSIVE;
				CLANG_CXX_LANGUAGE_STANDARD = "gnu++17";
				CLANG_CXX_LIBRARY = "libc++";
				CLANG_ENABLE_MODULES = YES;
				CLANG_ENABLE_OBJC_ARC = YES;
				CLANG_ENABLE_OBJC_WEAK = YES;
				CLANG_WARN_BLOCK_CAPTURE_AUTORELEASING = YES;
				CLANG_WARN_BOOL_CONVERSION = YES;
				CLANG_WARN_COMMA = YES;
				CLANG_WARN_CONSTANT_CONVERSION = YES;
				CLANG_WARN_DEPRECATED_OBJC_IMPLEMENTATIONS = YES;
				CLANG_WARN_DIRECT_OBJC_ISA_USAGE = YES_ERROR;
				CLANG_WARN_DOCUMENTATION_COMMENTS = YES;
				CLANG_WARN_EMPTY_BODY = YES;
				CLANG_WARN_ENUM_CONVERSION = YES;
				CLANG_WARN_INFINITE_RECURSION = YES;
				CLANG_WARN_INT_CONVERSION = YES;
				CLANG_WARN_NON_LITERAL_NULL_CONVERSION = YES;
				CLANG_WARN_OBJC_IMPLICIT_RETAIN_SELF = YES;
				CLANG_WARN_OBJC_LITERAL_CONVERSION = YES;
				CLANG_WARN_OBJC_ROOT_CLASS = YES_ERROR;
				CLANG_WARN_QUOTED_INCLUDE_IN_FRAMEWORK_HEADER = YES;
				CLANG_WARN_RANGE_LOOP_ANALYSIS = YES;
				CLANG_WARN_STRICT_PROTOTYPES = YES;
				CLANG_WARN_SUSPICIOUS_MOVE = YES;
				CLANG_WARN_UNGUARDED_AVAILABILITY = YES_AGGRESSIVE;
				CLANG_WARN_UNREACHABLE_CODE = YES;
				CLANG_WARN__DUPLICATE_METHOD_MATCH = YES;
				COPY_PHASE_STRIP = NO;
				DEBUG_INFORMATION_FORMAT = dwarf;
				ENABLE_STRICT_OBJC_MSGSEND = YES;
				ENABLE_TESTABILITY = YES;
				GCC_C_LANGUAGE_STANDARD = gnu11;
				GCC_DYNAMIC_NO_PIC = NO;
				GCC_NO_COMMON_BLOCKS = YES;
				GCC_OPTIMIZATION_LEVEL = 0;
				GCC_PREPROCESSOR_DEFINITIONS = (
					"DEBUG=1",
					"$(inherited)",
				);
				GCC_WARN_64_TO_32_BIT_CONVERSION = YES;
				GCC_WARN_ABOUT_RETURN_TYPE = YES_ERROR;
				GCC_WARN_UNDECLARED_SELECTOR = YES;
				GCC_WARN_UNINITIALIZED_AUTOS = YES_AGGRESSIVE;
				GCC_WARN_UNUSED_FUNCTION = YES;
				GCC_WARN_UNUSED_VARIABLE = YES;
				IPHONEOS_DEPLOYMENT_TARGET = 15.2;
				MTL_ENABLE_DEBUG_INFO = INCLUDE_SOURCE;
				MTL_FAST_MATH = YES;
				ONLY_ACTIVE_ARCH = YES;
				SDKROOT = iphoneos;
				SWIFT_ACTIVE_COMPILATION_CONDITIONS = DEBUG;
				SWIFT_OPTIMIZATION_LEVEL = "-Onone";
			};
			name = Debug;
		};
		26D5165127C3EAAF00D97A97 /* Release */ = {
			isa = XCBuildConfiguration;
			buildSettings = {
				ALWAYS_SEARCH_USER_PATHS = NO;
				CLANG_ANALYZER_NONNULL = YES;
				CLANG_ANALYZER_NUMBER_OBJECT_CONVERSION = YES_AGGRESSIVE;
				CLANG_CXX_LANGUAGE_STANDARD = "gnu++17";
				CLANG_CXX_LIBRARY = "libc++";
				CLANG_ENABLE_MODULES = YES;
				CLANG_ENABLE_OBJC_ARC = YES;
				CLANG_ENABLE_OBJC_WEAK = YES;
				CLANG_WARN_BLOCK_CAPTURE_AUTORELEASING = YES;
				CLANG_WARN_BOOL_CONVERSION = YES;
				CLANG_WARN_COMMA = YES;
				CLANG_WARN_CONSTANT_CONVERSION = YES;
				CLANG_WARN_DEPRECATED_OBJC_IMPLEMENTATIONS = YES;
				CLANG_WARN_DIRECT_OBJC_ISA_USAGE = YES_ERROR;
				CLANG_WARN_DOCUMENTATION_COMMENTS = YES;
				CLANG_WARN_EMPTY_BODY = YES;
				CLANG_WARN_ENUM_CONVERSION = YES;
				CLANG_WARN_INFINITE_RECURSION = YES;
				CLANG_WARN_INT_CONVERSION = YES;
				CLANG_WARN_NON_LITERAL_NULL_CONVERSION = YES;
				CLANG_WARN_OBJC_IMPLICIT_RETAIN_SELF = YES;
				CLANG_WARN_OBJC_LITERAL_CONVERSION = YES;
				CLANG_WARN_OBJC_ROOT_CLASS = YES_ERROR;
				CLANG_WARN_QUOTED_INCLUDE_IN_FRAMEWORK_HEADER = YES;
				CLANG_WARN_RANGE_LOOP_ANALYSIS = YES;
				CLANG_WARN_STRICT_PROTOTYPES = YES;
				CLANG_WARN_SUSPICIOUS_MOVE = YES;
				CLANG_WARN_UNGUARDED_AVAILABILITY = YES_AGGRESSIVE;
				CLANG_WARN_UNREACHABLE_CODE = YES;
				CLANG_WARN__DUPLICATE_METHOD_MATCH = YES;
				COPY_PHASE_STRIP = NO;
				DEBUG_INFORMATION_FORMAT = "dwarf-with-dsym";
				ENABLE_NS_ASSERTIONS = NO;
				ENABLE_STRICT_OBJC_MSGSEND = YES;
				GCC_C_LANGUAGE_STANDARD = gnu11;
				GCC_NO_COMMON_BLOCKS = YES;
				GCC_WARN_64_TO_32_BIT_CONVERSION = YES;
				GCC_WARN_ABOUT_RETURN_TYPE = YES_ERROR;
				GCC_WARN_UNDECLARED_SELECTOR = YES;
				GCC_WARN_UNINITIALIZED_AUTOS = YES_AGGRESSIVE;
				GCC_WARN_UNUSED_FUNCTION = YES;
				GCC_WARN_UNUSED_VARIABLE = YES;
				IPHONEOS_DEPLOYMENT_TARGET = 15.2;
				MTL_ENABLE_DEBUG_INFO = NO;
				MTL_FAST_MATH = YES;
				SDKROOT = iphoneos;
				SWIFT_COMPILATION_MODE = wholemodule;
				SWIFT_OPTIMIZATION_LEVEL = "-O";
				VALIDATE_PRODUCT = YES;
			};
			name = Release;
		};
		26D5165327C3EAAF00D97A97 /* Debug */ = {
			isa = XCBuildConfiguration;
			buildSettings = {
				ASSETCATALOG_COMPILER_APPICON_NAME = AppIcon;
				ASSETCATALOG_COMPILER_GLOBAL_ACCENT_COLOR_NAME = AccentColor;
				CODE_SIGN_STYLE = Automatic;
				CURRENT_PROJECT_VERSION = 1;
				DEVELOPMENT_TEAM = A873GH36J8;
				GENERATE_INFOPLIST_FILE = YES;
				INFOPLIST_FILE = PlayMusic/Info.plist;
				INFOPLIST_KEY_UIApplicationSupportsIndirectInputEvents = YES;
				INFOPLIST_KEY_UILaunchStoryboardName = LaunchScreen;
				INFOPLIST_KEY_UIMainStoryboardFile = Main;
				INFOPLIST_KEY_UIRequiresFullScreen = YES;
				INFOPLIST_KEY_UIStatusBarHidden = YES;
				INFOPLIST_KEY_UISupportedInterfaceOrientations = UIInterfaceOrientationPortrait;
				INFOPLIST_KEY_UISupportedInterfaceOrientations_iPad = "UIInterfaceOrientationPortrait UIInterfaceOrientationPortraitUpsideDown UIInterfaceOrientationLandscapeLeft UIInterfaceOrientationLandscapeRight";
				INFOPLIST_KEY_UISupportedInterfaceOrientations_iPhone = UIInterfaceOrientationPortrait;
				LD_RUNPATH_SEARCH_PATHS = (
					"$(inherited)",
					"@executable_path/Frameworks",
				);
				MARKETING_VERSION = 1.0;
				PRODUCT_BUNDLE_IDENTIFIER = com.example.PlayMusic;
				PRODUCT_NAME = "$(TARGET_NAME)";
				SWIFT_EMIT_LOC_STRINGS = YES;
				SWIFT_VERSION = 5.0;
				TARGETED_DEVICE_FAMILY = "1,2";
			};
			name = Debug;
		};
		26D5165427C3EAAF00D97A97 /* Release */ = {
			isa = XCBuildConfiguration;
			buildSettings = {
				ASSETCATALOG_COMPILER_APPICON_NAME = AppIcon;
				ASSETCATALOG_COMPILER_GLOBAL_ACCENT_COLOR_NAME = AccentColor;
				CODE_SIGN_STYLE = Automatic;
				CURRENT_PROJECT_VERSION = 1;
				DEVELOPMENT_TEAM = A873GH36J8;
				GENERATE_INFOPLIST_FILE = YES;
				INFOPLIST_FILE = PlayMusic/Info.plist;
				INFOPLIST_KEY_UIApplicationSupportsIndirectInputEvents = YES;
				INFOPLIST_KEY_UILaunchStoryboardName = LaunchScreen;
				INFOPLIST_KEY_UIMainStoryboardFile = Main;
				INFOPLIST_KEY_UIRequiresFullScreen = YES;
				INFOPLIST_KEY_UIStatusBarHidden = YES;
				INFOPLIST_KEY_UISupportedInterfaceOrientations = UIInterfaceOrientationPortrait;
				INFOPLIST_KEY_UISupportedInterfaceOrientations_iPad = "UIInterfaceOrientationPortrait UIInterfaceOrientationPortraitUpsideDown UIInterfaceOrientationLandscapeLeft UIInterfaceOrientationLandscapeRight";
				INFOPLIST_KEY_UISupportedInterfaceOrientations_iPhone = UIInterfaceOrientationPortrait;
				LD_RUNPATH_SEARCH_PATHS = (
					"$(inherited)",
					"@executable_path/Frameworks",
				);
				MARKETING_VERSION = 1.0;
				PRODUCT_BUNDLE_IDENTIFIER = com.example.PlayMusic;
				PRODUCT_NAME = "$(TARGET_NAME)";
				SWIFT_EMIT_LOC_STRINGS = YES;
				SWIFT_VERSION = 5.0;
				TARGETED_DEVICE_FAMILY = "1,2";
			};
			name = Release;
		};
/* End XCBuildConfiguration section */

/* Begin XCConfigurationList section */
		26D5163927C3EAAE00D97A97 /* Build configuration list for PBXProject "PlayMusic" */ = {
			isa = XCConfigurationList;
			buildConfigurations = (
				26D5165027C3EAAF00D97A97 /* Debug */,
				26D5165127C3EAAF00D97A97 /* Release */,
			);
			defaultConfigurationIsVisible = 0;
			defaultConfigurationName = Release;
		};
		26D5165227C3EAAF00D97A97 /* Build configuration list for PBXNativeTarget "PlayMusic" */ = {
			isa = XCConfigurationList;
			buildConfigurations = (
				26D5165327C3EAAF00D97A97 /* Debug */,
				26D5165427C3EAAF00D97A97 /* Release */,
			);
			defaultConfigurationIsVisible = 0;
			defaultConfigurationName = Release;
		};
/* End XCConfigurationList section */
	};
	rootObject = 26D5163627C3EAAE00D97A97 /* Project object */;
}
